
Microsoft Visual Studio Solution File, Format Version 12.00
# Visual Studio 2012
Project("{FAE04EC0-301F-11D3-BF4B-00C04F79EFBC}") = "MathExpression", "MathExpression\MathExpression.csproj", "{D989E845-B5C4-4BF2-8D38-F45A7A2B5145}"
EndProject
Project("{FAE04EC0-301F-11D3-BF4B-00C04F79EFBC}") = "Trapezoid", "Trapezoid\Trapezoid.csproj", "{87DF4C4D-6316-426F-9DB3-1589DDAE0C40}"
EndProject
Project("{FAE04EC0-301F-11D3-BF4B-00C04F79EFBC}") = "LeastMajorityMultiple", "LeastMajorityMultiple\LeastMajorityMultiple.csproj", "{8D1A90D6-34D5-48C0-9DB8-D7DE64FF73F2}"
EndProject
Global
	GlobalSection(SolutionConfigurationPlatforms) = preSolution
		Debug|Any CPU = Debug|Any CPU
		Release|Any CPU = Release|Any CPU
	EndGlobalSection
	GlobalSection(ProjectConfigurationPlatforms) = postSolution
		{D989E845-B5C4-4BF2-8D38-F45A7A2B5145}.Debug|Any CPU.ActiveCfg = Debug|Any CPU
		{D989E845-B5C4-4BF2-8D38-F45A7A2B5145}.Debug|Any CPU.Build.0 = Debug|Any CPU
		{D989E845-B5C4-4BF2-8D38-F45A7A2B5145}.Release|Any CPU.ActiveCfg = Release|Any CPU
		{D989E845-B5C4-4BF2-8D38-F45A7A2B5145}.Release|Any CPU.Build.0 = Release|Any CPU
		{87DF4C4D-6316-426F-9DB3-1589DDAE0C40}.Debug|Any CPU.ActiveCfg = Debug|Any CPU
		{87DF4C4D-6316-426F-9DB3-1589DDAE0C40}.Debug|Any CPU.Build.0 = Debug|Any CPU
		{87DF4C4D-6316-426F-9DB3-1589DDAE0C40}.Release|Any CPU.ActiveCfg = Release|Any CPU
		{87DF4C4D-6316-426F-9DB3-1589DDAE0C40}.Release|Any CPU.Build.0 = Release|Any CPU
		{8D1A90D6-34D5-48C0-9DB8-D7DE64FF73F2}.Debug|Any CPU.ActiveCfg = Debug|Any CPU
		{8D1A90D6-34D5-48C0-9DB8-D7DE64FF73F2}.Debug|Any CPU.Build.0 = Debug|Any CPU
		{8D1A90D6-34D5-48C0-9DB8-D7DE64FF73F2}.Release|Any CPU.ActiveCfg = Release|Any CPU
		{8D1A90D6-34D5-48C0-9DB8-D7DE64FF73F2}.Release|Any CPU.Build.0 = Release|Any CPU
	EndGlobalSection
	GlobalSection(SolutionProperties) = preSolution
		HideSolutionNode = FALSE
	EndGlobalSection
EndGlobal
