
Microsoft Visual Studio Solution File, Format Version 12.00
# Visual Studio 2012
Project("{FAE04EC0-301F-11D3-BF4B-00C04F79EFBC}") = "SchoolLibrary", "SchoolLibrary\SchoolLibrary.csproj", "{0D0FE598-50D5-4D6C-9D61-B73058BA7418}"
EndProject
Project("{FAE04EC0-301F-11D3-BF4B-00C04F79EFBC}") = "TestSchool", "TestSchool\TestSchool.csproj", "{23CB101B-E654-4048-B9EE-4E558290FA87}"
EndProject
Global
	GlobalSection(SolutionConfigurationPlatforms) = preSolution
		Debug|Any CPU = Debug|Any CPU
		Release|Any CPU = Release|Any CPU
	EndGlobalSection
	GlobalSection(ProjectConfigurationPlatforms) = postSolution
		{0D0FE598-50D5-4D6C-9D61-B73058BA7418}.Debug|Any CPU.ActiveCfg = Debug|Any CPU
		{0D0FE598-50D5-4D6C-9D61-B73058BA7418}.Debug|Any CPU.Build.0 = Debug|Any CPU
		{0D0FE598-50D5-4D6C-9D61-B73058BA7418}.Release|Any CPU.ActiveCfg = Release|Any CPU
		{0D0FE598-50D5-4D6C-9D61-B73058BA7418}.Release|Any CPU.Build.0 = Release|Any CPU
		{23CB101B-E654-4048-B9EE-4E558290FA87}.Debug|Any CPU.ActiveCfg = Debug|Any CPU
		{23CB101B-E654-4048-B9EE-4E558290FA87}.Debug|Any CPU.Build.0 = Debug|Any CPU
		{23CB101B-E654-4048-B9EE-4E558290FA87}.Release|Any CPU.ActiveCfg = Release|Any CPU
		{23CB101B-E654-4048-B9EE-4E558290FA87}.Release|Any CPU.Build.0 = Release|Any CPU
	EndGlobalSection
	GlobalSection(SolutionProperties) = preSolution
		HideSolutionNode = FALSE
	EndGlobalSection
EndGlobal
