
Microsoft Visual Studio Solution File, Format Version 12.00
# Visual Studio 2012
Project("{FAE04EC0-301F-11D3-BF4B-00C04F79EFBC}") = "01.Cooking", "01.Cooking\01.Cooking.csproj", "{CB0F7A2F-A2B1-4D54-8EC9-2E24891D9351}"
EndProject
Project("{FAE04EC0-301F-11D3-BF4B-00C04F79EFBC}") = "02.RefactorConditionalStatements", "02.RefactorConditionalStatements\02.RefactorConditionalStatements.csproj", "{141F7F33-7588-4592-9FB1-98A6BC36E8A7}"
EndProject
Project("{FAE04EC0-301F-11D3-BF4B-00C04F79EFBC}") = "03.LoopAndConditionalStatements", "03.LoopAndConditionalStatements\03.LoopAndConditionalStatements.csproj", "{6BCB6B96-DFC3-4C6F-8C55-EBDC1EFB881B}"
EndProject
Global
	GlobalSection(SolutionConfigurationPlatforms) = preSolution
		Debug|Any CPU = Debug|Any CPU
		Release|Any CPU = Release|Any CPU
	EndGlobalSection
	GlobalSection(ProjectConfigurationPlatforms) = postSolution
		{CB0F7A2F-A2B1-4D54-8EC9-2E24891D9351}.Debug|Any CPU.ActiveCfg = Debug|Any CPU
		{CB0F7A2F-A2B1-4D54-8EC9-2E24891D9351}.Debug|Any CPU.Build.0 = Debug|Any CPU
		{CB0F7A2F-A2B1-4D54-8EC9-2E24891D9351}.Release|Any CPU.ActiveCfg = Release|Any CPU
		{CB0F7A2F-A2B1-4D54-8EC9-2E24891D9351}.Release|Any CPU.Build.0 = Release|Any CPU
		{141F7F33-7588-4592-9FB1-98A6BC36E8A7}.Debug|Any CPU.ActiveCfg = Debug|Any CPU
		{141F7F33-7588-4592-9FB1-98A6BC36E8A7}.Debug|Any CPU.Build.0 = Debug|Any CPU
		{141F7F33-7588-4592-9FB1-98A6BC36E8A7}.Release|Any CPU.ActiveCfg = Release|Any CPU
		{141F7F33-7588-4592-9FB1-98A6BC36E8A7}.Release|Any CPU.Build.0 = Release|Any CPU
		{6BCB6B96-DFC3-4C6F-8C55-EBDC1EFB881B}.Debug|Any CPU.ActiveCfg = Debug|Any CPU
		{6BCB6B96-DFC3-4C6F-8C55-EBDC1EFB881B}.Debug|Any CPU.Build.0 = Debug|Any CPU
		{6BCB6B96-DFC3-4C6F-8C55-EBDC1EFB881B}.Release|Any CPU.ActiveCfg = Release|Any CPU
		{6BCB6B96-DFC3-4C6F-8C55-EBDC1EFB881B}.Release|Any CPU.Build.0 = Release|Any CPU
	EndGlobalSection
	GlobalSection(SolutionProperties) = preSolution
		HideSolutionNode = FALSE
	EndGlobalSection
EndGlobal
